
Microsoft Visual Studio Solution File, Format Version 12.00
# Visual Studio 15
VisualStudioVersion = 15.0.28010.2036
MinimumVisualStudioVersion = 10.0.40219.1
Project("{FAE04EC0-301F-11D3-BF4B-00C04F79EFBC}") = "Lab10", "Lab10\Lab10.csproj", "{E154276C-7E35-4628-BA1A-90BD8421F780}"
EndProject
Global
	GlobalSection(SolutionConfigurationPlatforms) = preSolution
		Debug|Any CPU = Debug|Any CPU
		Release|Any CPU = Release|Any CPU
	EndGlobalSection
	GlobalSection(ProjectConfigurationPlatforms) = postSolution
		{E154276C-7E35-4628-BA1A-90BD8421F780}.Debug|Any CPU.ActiveCfg = Debug|Any CPU
		{E154276C-7E35-4628-BA1A-90BD8421F780}.Debug|Any CPU.Build.0 = Debug|Any CPU
		{E154276C-7E35-4628-BA1A-90BD8421F780}.Release|Any CPU.ActiveCfg = Release|Any CPU
		{E154276C-7E35-4628-BA1A-90BD8421F780}.Release|Any CPU.Build.0 = Release|Any CPU
	EndGlobalSection
	GlobalSection(SolutionProperties) = preSolution
		HideSolutionNode = FALSE
	EndGlobalSection
	GlobalSection(ExtensibilityGlobals) = postSolution
		SolutionGuid = {D50FE1E3-EE61-40B9-8CFF-67D6B8F45B81}
	EndGlobalSection
EndGlobal
